
Microsoft Visual Studio Solution File, Format Version 12.00
# Visual Studio 2017
Project("{FAE04EC0-301F-11D3-BF4B-00C04F79EFBC}") = "Knightboy", "Knightboy.csproj", "{BBF99E91-CC95-6B44-1177-A05EEC0B3544}"
EndProject
Global
	GlobalSection(SolutionConfigurationPlatforms) = preSolution
		Debug|Any CPU = Debug|Any CPU
		Release|Any CPU = Release|Any CPU
	EndGlobalSection
	GlobalSection(ProjectConfigurationPlatforms) = postSolution
		{BBF99E91-CC95-6B44-1177-A05EEC0B3544}.Debug|Any CPU.ActiveCfg = Debug|Any CPU
		{BBF99E91-CC95-6B44-1177-A05EEC0B3544}.Debug|Any CPU.Build.0 = Debug|Any CPU
		{BBF99E91-CC95-6B44-1177-A05EEC0B3544}.Release|Any CPU.ActiveCfg = Release|Any CPU
		{BBF99E91-CC95-6B44-1177-A05EEC0B3544}.Release|Any CPU.Build.0 = Release|Any CPU
	EndGlobalSection
	GlobalSection(SolutionProperties) = preSolution
		HideSolutionNode = FALSE
	EndGlobalSection
EndGlobal
